<?xml version="1.0" encoding="utf-8"?>
<Project ToolsVersion="4.0" xmlns="http://schemas.microsoft.com/developer/msbuild/2003">
  <ItemGroup>
    <Filter Include="Fichiers sources">
      <UniqueIdentifier>{4FC737F1-C7A5-4376-A066-2A32D752A2FF}</UniqueIdentifier>
      <Extensions>cpp;c;cc;cxx;c++;cppm;ixx;def;odl;idl;hpj;bat;asm;asmx</Extensions>
    </Filter>
    <Filter Include="Fichiers de ressources">
      <UniqueIdentifier>{67DA6AB6-F800-4c08-8B7A-83BB121AAD01}</UniqueIdentifier>
      <Extensions>rc;ico;cur;bmp;dlg;rc2;rct;bin;rgs;gif;jpg;jpeg;jpe;resx;tiff;tif;png;wav;mfcribbon-ms</Extensions>
    </Filter>
  </ItemGroup>
  <ItemGroup>
    <ClCompile Include="geometry.c">
      <Filter>Fichiers sources</Filter>
    </ClCompile>
    <ClCompile Include="energy.c">
      <Filter>Fichiers sources</Filter>
    </ClCompile>
    <ClCompile Include="fiber.c">
      <Filter>Fichiers sources</Filter>
    </ClCompile>
    <ClCompile Include="read_save_config.c">
      <Filter>Fichiers sources</Filter>
    </ClCompile>
    <ClCompile Include="utilities.c">
      <Filter>Fichiers sources</Filter>
    </ClCompile>
    <ClCompile Include="math.c">
      <Filter>Fichiers sources</Filter>
    </ClCompile>
    <ClCompile Include="print.c">
      <Filter>Fichiers sources</Filter>
    </ClCompile>
    <ClCompile Include="device_err_code.c">
      <Filter>Fichiers sources</Filter>
    </ClCompile>
    <ClCompile Include="device_host_device.c">
      <Filter>Fichiers sources</Filter>
    </ClCompile>
    <ClCompile Include="times.c">
      <Filter>Fichiers sources</Filter>
    </ClCompile>
    <ClCompile Include="device_init.c">
      <Filter>Fichiers sources</Filter>
    </ClCompile>
  </ItemGroup>
  <ItemGroup>
    <ClInclude Include="..\fiberLib_Common_Macros_v9.6.h" />
    <ClInclude Include="..\fiberLib_OpenCL_v9.6.h" />
  </ItemGroup>
  <ItemGroup>
    <None Include="..\functions_v9.6.cl" />
    <None Include="..\kernel_contact_v9.6.cl" />
    <None Include="..\kernel_integrate_shift_v9.6.cl" />
    <None Include="..\kernel_le_force_v9.6.cl" />
    <None Include="..\kernel_max_v9.6.cl" />
    <None Include="..\kernel_poss_contact_v9.6.cl" />
  </ItemGroup>
</Project>