
Microsoft Visual Studio Solution File, Format Version 12.00
# Visual Studio Version 17
VisualStudioVersion = 17.11.35312.102
MinimumVisualStudioVersion = 10.0.40219.1
Project("{8BC9CEB8-8B4A-11D0-8D11-00A0C91BC942}") = "coil", "coil.vcxproj", "{27AFFBB4-EA03-49B2-B81E-BB8DC780226D}"
EndProject
Global
	GlobalSection(SolutionConfigurationPlatforms) = preSolution
		Debug|x64 = Debug|x64
		Debug|x86 = Debug|x86
		Release|x64 = Release|x64
		Release|x86 = Release|x86
	EndGlobalSection
	GlobalSection(ProjectConfigurationPlatforms) = postSolution
		{27AFFBB4-EA03-49B2-B81E-BB8DC780226D}.Debug|x64.ActiveCfg = Debug|x64
		{27AFFBB4-EA03-49B2-B81E-BB8DC780226D}.Debug|x64.Build.0 = Debug|x64
		{27AFFBB4-EA03-49B2-B81E-BB8DC780226D}.Debug|x86.ActiveCfg = Debug|Win32
		{27AFFBB4-EA03-49B2-B81E-BB8DC780226D}.Debug|x86.Build.0 = Debug|Win32
		{27AFFBB4-EA03-49B2-B81E-BB8DC780226D}.Release|x64.ActiveCfg = Release|x64
		{27AFFBB4-EA03-49B2-B81E-BB8DC780226D}.Release|x64.Build.0 = Release|x64
		{27AFFBB4-EA03-49B2-B81E-BB8DC780226D}.Release|x86.ActiveCfg = Release|Win32
		{27AFFBB4-EA03-49B2-B81E-BB8DC780226D}.Release|x86.Build.0 = Release|Win32
	EndGlobalSection
	GlobalSection(SolutionProperties) = preSolution
		HideSolutionNode = FALSE
	EndGlobalSection
	GlobalSection(ExtensibilityGlobals) = postSolution
		SolutionGuid = {ED78C266-953D-4225-B8DD-BFCF359ABA7C}
	EndGlobalSection
EndGlobal
